// !$*UTF8*$!
{
	archiveVersion = 1;
	classes = {
	};
	objectVersion = 50;
	objects = {

/* Begin PBXBuildFile section */
		3E31AC1D21DEA50300F9B6A5 /* ThirdDetailCell.swift in Sources */ = {isa = PBXBuildFile; fileRef = 3E31AC1C21DEA50300F9B6A5 /* ThirdDetailCell.swift */; };
		3E31AC1F21DEAC1000F9B6A5 /* FourthDetailCell.swift in Sources */ = {isa = PBXBuildFile; fileRef = 3E31AC1E21DEAC1000F9B6A5 /* FourthDetailCell.swift */; };
		3E31AC2121DEBBEE00F9B6A5 /* FifthDetailCell.swift in Sources */ = {isa = PBXBuildFile; fileRef = 3E31AC2021DEBBEE00F9B6A5 /* FifthDetailCell.swift */; };
		3E34E16321DFF2C800E6EE4E /* Service.swift in Sources */ = {isa = PBXBuildFile; fileRef = 3E34E16221DFF2C800E6EE4E /* Service.swift */; };
		3E86DC4421D2E34F00238C20 /* NavigationBar.swift in Sources */ = {isa = PBXBuildFile; fileRef = 3E86DC4321D2E34F00238C20 /* NavigationBar.swift */; };
		3E86DC4621D2E4DE00238C20 /* NavigationProtocol.swift in Sources */ = {isa = PBXBuildFile; fileRef = 3E86DC4521D2E4DE00238C20 /* NavigationProtocol.swift */; };
		3EA7B6D421BD9CEC004FE49A /* AppDelegate.swift in Sources */ = {isa = PBXBuildFile; fileRef = 3EA7B6D321BD9CEC004FE49A /* AppDelegate.swift */; };
		3EA7B6D921BD9CEC004FE49A /* Main.storyboard in Resources */ = {isa = PBXBuildFile; fileRef = 3EA7B6D721BD9CEC004FE49A /* Main.storyboard */; };
		3EA7B6DB21BD9CEE004FE49A /* Assets.xcassets in Resources */ = {isa = PBXBuildFile; fileRef = 3EA7B6DA21BD9CEE004FE49A /* Assets.xcassets */; };
		3EA7B6DE21BD9CEE004FE49A /* LaunchScreen.storyboard in Resources */ = {isa = PBXBuildFile; fileRef = 3EA7B6DC21BD9CEE004FE49A /* LaunchScreen.storyboard */; };
		3EA7B6E821BDDCD3004FE49A /* RootController.swift in Sources */ = {isa = PBXBuildFile; fileRef = 3EA7B6E721BDDCD3004FE49A /* RootController.swift */; };
		3EA7B6F021BE18F1004FE49A /* Menu.swift in Sources */ = {isa = PBXBuildFile; fileRef = 3EA7B6EF21BE18F1004FE49A /* Menu.swift */; };
		3EA7B6F221BE1BF5004FE49A /* Featured.swift in Sources */ = {isa = PBXBuildFile; fileRef = 3EA7B6F121BE1BF5004FE49A /* Featured.swift */; };
		3EA7B6F521BE3967004FE49A /* ViewExtension.swift in Sources */ = {isa = PBXBuildFile; fileRef = 3EA7B6F421BE3967004FE49A /* ViewExtension.swift */; };
		3EA8F79621DDA5490081F632 /* CountingLabel.swift in Sources */ = {isa = PBXBuildFile; fileRef = 3EA8F79521DDA5490081F632 /* CountingLabel.swift */; };
		3EB6D14D21D9DB6A00A41DDD /* HeaderView.swift in Sources */ = {isa = PBXBuildFile; fileRef = 3EB6D14C21D9DB6A00A41DDD /* HeaderView.swift */; };
		3EC093F021C37A67003B7F2F /* MovieDetails.swift in Sources */ = {isa = PBXBuildFile; fileRef = 3EC093EF21C37A67003B7F2F /* MovieDetails.swift */; };
		3EC2033E21DAFCC700AD22C2 /* FirstDetailCell.swift in Sources */ = {isa = PBXBuildFile; fileRef = 3EC2033D21DAFCC700AD22C2 /* FirstDetailCell.swift */; };
		3EC2034021DC383100AD22C2 /* ColorExtension.swift in Sources */ = {isa = PBXBuildFile; fileRef = 3EC2033F21DC383100AD22C2 /* ColorExtension.swift */; };
		3EC2034221DC38D500AD22C2 /* CircleLoader.swift in Sources */ = {isa = PBXBuildFile; fileRef = 3EC2034121DC38D500AD22C2 /* CircleLoader.swift */; };
		3EC2034421DC5E5500AD22C2 /* SecondDetailCell.swift in Sources */ = {isa = PBXBuildFile; fileRef = 3EC2034321DC5E5500AD22C2 /* SecondDetailCell.swift */; };
		3ED180BF21C0D1C7009F6F23 /* FeaturedCell.swift in Sources */ = {isa = PBXBuildFile; fileRef = 3ED180BE21C0D1C7009F6F23 /* FeaturedCell.swift */; };
		3EED9D6021D2BF600093BF78 /* StretchyHeaderLayout.swift in Sources */ = {isa = PBXBuildFile; fileRef = 3EED9D5F21D2BF600093BF78 /* StretchyHeaderLayout.swift */; };
		DBA0ADB297846264040BBB28 /* Pods_Movies.framework in Frameworks */ = {isa = PBXBuildFile; fileRef = 42E35BC4E150AF8B735F5335 /* Pods_Movies.framework */; };
/* End PBXBuildFile section */

/* Begin PBXFileReference section */
		09DE84B658F959D801BF9E65 /* Pods-Movies.debug.xcconfig */ = {isa = PBXFileReference; includeInIndex = 1; lastKnownFileType = text.xcconfig; name = "Pods-Movies.debug.xcconfig"; path = "Pods/Target Support Files/Pods-Movies/Pods-Movies.debug.xcconfig"; sourceTree = "<group>"; };
		3E31AC1C21DEA50300F9B6A5 /* ThirdDetailCell.swift */ = {isa = PBXFileReference; lastKnownFileType = sourcecode.swift; path = ThirdDetailCell.swift; sourceTree = "<group>"; };
		3E31AC1E21DEAC1000F9B6A5 /* FourthDetailCell.swift */ = {isa = PBXFileReference; lastKnownFileType = sourcecode.swift; path = FourthDetailCell.swift; sourceTree = "<group>"; };
		3E31AC2021DEBBEE00F9B6A5 /* FifthDetailCell.swift */ = {isa = PBXFileReference; lastKnownFileType = sourcecode.swift; path = FifthDetailCell.swift; sourceTree = "<group>"; };
		3E34E16221DFF2C800E6EE4E /* Service.swift */ = {isa = PBXFileReference; lastKnownFileType = sourcecode.swift; path = Service.swift; sourceTree = "<group>"; };
		3E86DC4321D2E34F00238C20 /* NavigationBar.swift */ = {isa = PBXFileReference; lastKnownFileType = sourcecode.swift; path = NavigationBar.swift; sourceTree = "<group>"; };
		3E86DC4521D2E4DE00238C20 /* NavigationProtocol.swift */ = {isa = PBXFileReference; lastKnownFileType = sourcecode.swift; path = NavigationProtocol.swift; sourceTree = "<group>"; };
		3EA7B6D021BD9CEC004FE49A /* Movies.app */ = {isa = PBXFileReference; explicitFileType = wrapper.application; includeInIndex = 0; path = Movies.app; sourceTree = BUILT_PRODUCTS_DIR; };
		3EA7B6D321BD9CEC004FE49A /* AppDelegate.swift */ = {isa = PBXFileReference; lastKnownFileType = sourcecode.swift; path = AppDelegate.swift; sourceTree = "<group>"; };
		3EA7B6D821BD9CEC004FE49A /* Base */ = {isa = PBXFileReference; lastKnownFileType = file.storyboard; name = Base; path = Base.lproj/Main.storyboard; sourceTree = "<group>"; };
		3EA7B6DA21BD9CEE004FE49A /* Assets.xcassets */ = {isa = PBXFileReference; lastKnownFileType = folder.assetcatalog; path = Assets.xcassets; sourceTree = "<group>"; };
		3EA7B6DD21BD9CEE004FE49A /* Base */ = {isa = PBXFileReference; lastKnownFileType = file.storyboard; name = Base; path = Base.lproj/LaunchScreen.storyboard; sourceTree = "<group>"; };
		3EA7B6DF21BD9CEE004FE49A /* Info.plist */ = {isa = PBXFileReference; lastKnownFileType = text.plist.xml; path = Info.plist; sourceTree = "<group>"; };
		3EA7B6E721BDDCD3004FE49A /* RootController.swift */ = {isa = PBXFileReference; lastKnownFileType = sourcecode.swift; path = RootController.swift; sourceTree = "<group>"; };
		3EA7B6EF21BE18F1004FE49A /* Menu.swift */ = {isa = PBXFileReference; lastKnownFileType = sourcecode.swift; path = Menu.swift; sourceTree = "<group>"; };
		3EA7B6F121BE1BF5004FE49A /* Featured.swift */ = {isa = PBXFileReference; lastKnownFileType = sourcecode.swift; path = Featured.swift; sourceTree = "<group>"; };
		3EA7B6F421BE3967004FE49A /* ViewExtension.swift */ = {isa = PBXFileReference; lastKnownFileType = sourcecode.swift; path = ViewExtension.swift; sourceTree = "<group>"; };
		3EA8F79521DDA5490081F632 /* CountingLabel.swift */ = {isa = PBXFileReference; fileEncoding = 4; lastKnownFileType = sourcecode.swift; path = CountingLabel.swift; sourceTree = "<group>"; };
		3EB6D14C21D9DB6A00A41DDD /* HeaderView.swift */ = {isa = PBXFileReference; lastKnownFileType = sourcecode.swift; path = HeaderView.swift; sourceTree = "<group>"; };
		3EC093EF21C37A67003B7F2F /* MovieDetails.swift */ = {isa = PBXFileReference; lastKnownFileType = sourcecode.swift; path = MovieDetails.swift; sourceTree = "<group>"; };
		3EC2033D21DAFCC700AD22C2 /* FirstDetailCell.swift */ = {isa = PBXFileReference; lastKnownFileType = sourcecode.swift; path = FirstDetailCell.swift; sourceTree = "<group>"; };
		3EC2033F21DC383100AD22C2 /* ColorExtension.swift */ = {isa = PBXFileReference; lastKnownFileType = sourcecode.swift; path = ColorExtension.swift; sourceTree = "<group>"; };
		3EC2034121DC38D500AD22C2 /* CircleLoader.swift */ = {isa = PBXFileReference; lastKnownFileType = sourcecode.swift; path = CircleLoader.swift; sourceTree = "<group>"; };
		3EC2034321DC5E5500AD22C2 /* SecondDetailCell.swift */ = {isa = PBXFileReference; lastKnownFileType = sourcecode.swift; path = SecondDetailCell.swift; sourceTree = "<group>"; };
		3ED180BE21C0D1C7009F6F23 /* FeaturedCell.swift */ = {isa = PBXFileReference; lastKnownFileType = sourcecode.swift; path = FeaturedCell.swift; sourceTree = "<group>"; };
		3EED9D5F21D2BF600093BF78 /* StretchyHeaderLayout.swift */ = {isa = PBXFileReference; lastKnownFileType = sourcecode.swift; path = StretchyHeaderLayout.swift; sourceTree = "<group>"; };
		42E35BC4E150AF8B735F5335 /* Pods_Movies.framework */ = {isa = PBXFileReference; explicitFileType = wrapper.framework; includeInIndex = 0; path = Pods_Movies.framework; sourceTree = BUILT_PRODUCTS_DIR; };
		A360386C82D83DBB6DA4BE5C /* Pods-Movies.release.xcconfig */ = {isa = PBXFileReference; includeInIndex = 1; lastKnownFileType = text.xcconfig; name = "Pods-Movies.release.xcconfig"; path = "Pods/Target Support Files/Pods-Movies/Pods-Movies.release.xcconfig"; sourceTree = "<group>"; };
/* End PBXFileReference section */

/* Begin PBXFrameworksBuildPhase section */
		3EA7B6CD21BD9CEC004FE49A /* Frameworks */ = {
			isa = PBXFrameworksBuildPhase;
			buildActionMask = 2147483647;
			files = (
				DBA0ADB297846264040BBB28 /* Pods_Movies.framework in Frameworks */,
			);
			runOnlyForDeploymentPostprocessing = 0;
		};
/* End PBXFrameworksBuildPhase section */

/* Begin PBXGroup section */
		247B607352F4E2413A0F0AFF /* Frameworks */ = {
			isa = PBXGroup;
			children = (
				42E35BC4E150AF8B735F5335 /* Pods_Movies.framework */,
			);
			name = Frameworks;
			sourceTree = "<group>";
		};
		3E34E16121DFF2AB00E6EE4E /* JSON */ = {
			isa = PBXGroup;
			children = (
				3E34E16221DFF2C800E6EE4E /* Service.swift */,
			);
			path = JSON;
			sourceTree = "<group>";
		};
		3E86DC4221D2E2F900238C20 /* Views & Layouts */ = {
			isa = PBXGroup;
			children = (
				3EA8F79521DDA5490081F632 /* CountingLabel.swift */,
				3EED9D5F21D2BF600093BF78 /* StretchyHeaderLayout.swift */,
				3E86DC4321D2E34F00238C20 /* NavigationBar.swift */,
				3E86DC4521D2E4DE00238C20 /* NavigationProtocol.swift */,
				3EB6D14C21D9DB6A00A41DDD /* HeaderView.swift */,
				3EC2034121DC38D500AD22C2 /* CircleLoader.swift */,
				3EC2033D21DAFCC700AD22C2 /* FirstDetailCell.swift */,
				3EC2034321DC5E5500AD22C2 /* SecondDetailCell.swift */,
				3E31AC1C21DEA50300F9B6A5 /* ThirdDetailCell.swift */,
				3E31AC1E21DEAC1000F9B6A5 /* FourthDetailCell.swift */,
				3E31AC2021DEBBEE00F9B6A5 /* FifthDetailCell.swift */,
			);
			path = "Views & Layouts";
			sourceTree = "<group>";
		};
		3EA7B6C721BD9CEC004FE49A = {
			isa = PBXGroup;
			children = (
				3EA7B6D221BD9CEC004FE49A /* Movies */,
				3EA7B6DA21BD9CEE004FE49A /* Assets.xcassets */,
				3EA7B6D121BD9CEC004FE49A /* Products */,
				7A1832A89F61397B2D1E24BC /* Pods */,
				247B607352F4E2413A0F0AFF /* Frameworks */,
			);
			sourceTree = "<group>";
		};
		3EA7B6D121BD9CEC004FE49A /* Products */ = {
			isa = PBXGroup;
			children = (
				3EA7B6D021BD9CEC004FE49A /* Movies.app */,
			);
			name = Products;
			sourceTree = "<group>";
		};
		3EA7B6D221BD9CEC004FE49A /* Movies */ = {
			isa = PBXGroup;
			children = (
				3E34E16121DFF2AB00E6EE4E /* JSON */,
				3EA7B6EB21BDDDB8004FE49A /* AppDelegate */,
				3EA7B6E921BDDD42004FE49A /* RootController */,
				3EA7B6EC21BDE196004FE49A /* Controllers */,
				3E86DC4221D2E2F900238C20 /* Views & Layouts */,
				3EA7B6F321BE3952004FE49A /* Extensions */,
				3EA7B6EA21BDDD5E004FE49A /* Others */,
			);
			path = Movies;
			sourceTree = "<group>";
		};
		3EA7B6E921BDDD42004FE49A /* RootController */ = {
			isa = PBXGroup;
			children = (
				3EA7B6E721BDDCD3004FE49A /* RootController.swift */,
			);
			path = RootController;
			sourceTree = "<group>";
		};
		3EA7B6EA21BDDD5E004FE49A /* Others */ = {
			isa = PBXGroup;
			children = (
				3EA7B6DF21BD9CEE004FE49A /* Info.plist */,
				3EA7B6D721BD9CEC004FE49A /* Main.storyboard */,
				3EA7B6DC21BD9CEE004FE49A /* LaunchScreen.storyboard */,
			);
			path = Others;
			sourceTree = "<group>";
		};
		3EA7B6EB21BDDDB8004FE49A /* AppDelegate */ = {
			isa = PBXGroup;
			children = (
				3EA7B6D321BD9CEC004FE49A /* AppDelegate.swift */,
			);
			path = AppDelegate;
			sourceTree = "<group>";
		};
		3EA7B6EC21BDE196004FE49A /* Controllers */ = {
			isa = PBXGroup;
			children = (
				3EA7B6EF21BE18F1004FE49A /* Menu.swift */,
				3EA7B6F121BE1BF5004FE49A /* Featured.swift */,
				3ED180BE21C0D1C7009F6F23 /* FeaturedCell.swift */,
				3EC093EF21C37A67003B7F2F /* MovieDetails.swift */,
			);
			path = Controllers;
			sourceTree = "<group>";
		};
		3EA7B6F321BE3952004FE49A /* Extensions */ = {
			isa = PBXGroup;
			children = (
				3EA7B6F421BE3967004FE49A /* ViewExtension.swift */,
				3EC2033F21DC383100AD22C2 /* ColorExtension.swift */,
			);
			path = Extensions;
			sourceTree = "<group>";
		};
		7A1832A89F61397B2D1E24BC /* Pods */ = {
			isa = PBXGroup;
			children = (
				09DE84B658F959D801BF9E65 /* Pods-Movies.debug.xcconfig */,
				A360386C82D83DBB6DA4BE5C /* Pods-Movies.release.xcconfig */,
			);
			name = Pods;
			sourceTree = "<group>";
		};
/* End PBXGroup section */

/* Begin PBXNativeTarget section */
		3EA7B6CF21BD9CEC004FE49A /* Movies */ = {
			isa = PBXNativeTarget;
			buildConfigurationList = 3EA7B6E221BD9CEE004FE49A /* Build configuration list for PBXNativeTarget "Movies" */;
			buildPhases = (
				B0BD16B586B96503A9D0FC71 /* [CP] Check Pods Manifest.lock */,
				3EA7B6CC21BD9CEC004FE49A /* Sources */,
				3EA7B6CD21BD9CEC004FE49A /* Frameworks */,
				3EA7B6CE21BD9CEC004FE49A /* Resources */,
				C834D9655BEA1F6A4F3D6ACA /* [CP] Embed Pods Frameworks */,
			);
			buildRules = (
			);
			dependencies = (
			);
			name = Movies;
			productName = Movies;
			productReference = 3EA7B6D021BD9CEC004FE49A /* Movies.app */;
			productType = "com.apple.product-type.application";
		};
/* End PBXNativeTarget section */

/* Begin PBXProject section */
		3EA7B6C821BD9CEC004FE49A /* Project object */ = {
			isa = PBXProject;
			attributes = {
				LastSwiftUpdateCheck = 1010;
				LastUpgradeCheck = 1010;
				ORGANIZATIONNAME = "Raul Mena";
				TargetAttributes = {
					3EA7B6CF21BD9CEC004FE49A = {
						CreatedOnToolsVersion = 10.1;
					};
				};
			};
			buildConfigurationList = 3EA7B6CB21BD9CEC004FE49A /* Build configuration list for PBXProject "Movies" */;
			compatibilityVersion = "Xcode 9.3";
			developmentRegion = en;
			hasScannedForEncodings = 0;
			knownRegions = (
				en,
				Base,
			);
			mainGroup = 3EA7B6C721BD9CEC004FE49A;
			productRefGroup = 3EA7B6D121BD9CEC004FE49A /* Products */;
			projectDirPath = "";
			projectRoot = "";
			targets = (
				3EA7B6CF21BD9CEC004FE49A /* Movies */,
			);
		};
/* End PBXProject section */

/* Begin PBXResourcesBuildPhase section */
		3EA7B6CE21BD9CEC004FE49A /* Resources */ = {
			isa = PBXResourcesBuildPhase;
			buildActionMask = 2147483647;
			files = (
				3EA7B6DE21BD9CEE004FE49A /* LaunchScreen.storyboard in Resources */,
				3EA7B6DB21BD9CEE004FE49A /* Assets.xcassets in Resources */,
				3EA7B6D921BD9CEC004FE49A /* Main.storyboard in Resources */,
			);
			runOnlyForDeploymentPostprocessing = 0;
		};
/* End PBXResourcesBuildPhase section */

/* Begin PBXShellScriptBuildPhase section */
		B0BD16B586B96503A9D0FC71 /* [CP] Check Pods Manifest.lock */ = {
			isa = PBXShellScriptBuildPhase;
			buildActionMask = 2147483647;
			files = (
			);
			inputFileListPaths = (
			);
			inputPaths = (
				"${PODS_PODFILE_DIR_PATH}/Podfile.lock",
				"${PODS_ROOT}/Manifest.lock",
			);
			name = "[CP] Check Pods Manifest.lock";
			outputFileListPaths = (
			);
			outputPaths = (
				"$(DERIVED_FILE_DIR)/Pods-Movies-checkManifestLockResult.txt",
			);
			runOnlyForDeploymentPostprocessing = 0;
			shellPath = /bin/sh;
			shellScript = "diff \"${PODS_PODFILE_DIR_PATH}/Podfile.lock\" \"${PODS_ROOT}/Manifest.lock\" > /dev/null\nif [ $? != 0 ] ; then\n    # print error to STDERR\n    echo \"error: The sandbox is not in sync with the Podfile.lock. Run 'pod install' or update your CocoaPods installation.\" >&2\n    exit 1\nfi\n# This output is used by Xcode 'outputs' to avoid re-running this script phase.\necho \"SUCCESS\" > \"${SCRIPT_OUTPUT_FILE_0}\"\n";
			showEnvVarsInLog = 0;
		};
		C834D9655BEA1F6A4F3D6ACA /* [CP] Embed Pods Frameworks */ = {
			isa = PBXShellScriptBuildPhase;
			buildActionMask = 2147483647;
			files = (
			);
			inputFileListPaths = (
			);
			inputPaths = (
				"${SRCROOT}/Pods/Target Support Files/Pods-Movies/Pods-Movies-frameworks.sh",
				"${BUILT_PRODUCTS_DIR}/SDWebImage/SDWebImage.framework",
			);
			name = "[CP] Embed Pods Frameworks";
			outputFileListPaths = (
			);
			outputPaths = (
				"${TARGET_BUILD_DIR}/${FRAMEWORKS_FOLDER_PATH}/SDWebImage.framework",
			);
			runOnlyForDeploymentPostprocessing = 0;
			shellPath = /bin/sh;
			shellScript = "\"${SRCROOT}/Pods/Target Support Files/Pods-Movies/Pods-Movies-frameworks.sh\"\n";
			showEnvVarsInLog = 0;
		};
/* End PBXShellScriptBuildPhase section */

/* Begin PBXSourcesBuildPhase section */
		3EA7B6CC21BD9CEC004FE49A /* Sources */ = {
			isa = PBXSourcesBuildPhase;
			buildActionMask = 2147483647;
			files = (
				3E31AC2121DEBBEE00F9B6A5 /* FifthDetailCell.swift in Sources */,
				3EA7B6F021BE18F1004FE49A /* Menu.swift in Sources */,
				3EC093F021C37A67003B7F2F /* MovieDetails.swift in Sources */,
				3EC2034421DC5E5500AD22C2 /* SecondDetailCell.swift in Sources */,
				3EED9D6021D2BF600093BF78 /* StretchyHeaderLayout.swift in Sources */,
				3EC2033E21DAFCC700AD22C2 /* FirstDetailCell.swift in Sources */,
				3EA8F79621DDA5490081F632 /* CountingLabel.swift in Sources */,
				3E31AC1D21DEA50300F9B6A5 /* ThirdDetailCell.swift in Sources */,
				3EA7B6F221BE1BF5004FE49A /* Featured.swift in Sources */,
				3EA7B6D421BD9CEC004FE49A /* AppDelegate.swift in Sources */,
				3E86DC4421D2E34F00238C20 /* NavigationBar.swift in Sources */,
				3ED180BF21C0D1C7009F6F23 /* FeaturedCell.swift in Sources */,
				3EC2034221DC38D500AD22C2 /* CircleLoader.swift in Sources */,
				3EB6D14D21D9DB6A00A41DDD /* HeaderView.swift in Sources */,
				3EA7B6E821BDDCD3004FE49A /* RootController.swift in Sources */,
				3EA7B6F521BE3967004FE49A /* ViewExtension.swift in Sources */,
				3E86DC4621D2E4DE00238C20 /* NavigationProtocol.swift in Sources */,
				3E34E16321DFF2C800E6EE4E /* Service.swift in Sources */,
				3E31AC1F21DEAC1000F9B6A5 /* FourthDetailCell.swift in Sources */,
				3EC2034021DC383100AD22C2 /* ColorExtension.swift in Sources */,
			);
			runOnlyForDeploymentPostprocessing = 0;
		};
/* End PBXSourcesBuildPhase section */

/* Begin PBXVariantGroup section */
		3EA7B6D721BD9CEC004FE49A /* Main.storyboard */ = {
			isa = PBXVariantGroup;
			children = (
				3EA7B6D821BD9CEC004FE49A /* Base */,
			);
			name = Main.storyboard;
			sourceTree = "<group>";
		};
		3EA7B6DC21BD9CEE004FE49A /* LaunchScreen.storyboard */ = {
			isa = PBXVariantGroup;
			children = (
				3EA7B6DD21BD9CEE004FE49A /* Base */,
			);
			name = LaunchScreen.storyboard;
			sourceTree = "<group>";
		};
/* End PBXVariantGroup section */

/* Begin XCBuildConfiguration section */
		3EA7B6E021BD9CEE004FE49A /* Debug */ = {
			isa = XCBuildConfiguration;
			buildSettings = {
				ALWAYS_SEARCH_USER_PATHS = NO;
				CLANG_ANALYZER_NONNULL = YES;
				CLANG_ANALYZER_NUMBER_OBJECT_CONVERSION = YES_AGGRESSIVE;
				CLANG_CXX_LANGUAGE_STANDARD = "gnu++14";
				CLANG_CXX_LIBRARY = "libc++";
				CLANG_ENABLE_MODULES = YES;
				CLANG_ENABLE_OBJC_ARC = YES;
				CLANG_ENABLE_OBJC_WEAK = YES;
				CLANG_WARN_BLOCK_CAPTURE_AUTORELEASING = YES;
				CLANG_WARN_BOOL_CONVERSION = YES;
				CLANG_WARN_COMMA = YES;
				CLANG_WARN_CONSTANT_CONVERSION = YES;
				CLANG_WARN_DEPRECATED_OBJC_IMPLEMENTATIONS = YES;
				CLANG_WARN_DIRECT_OBJC_ISA_USAGE = YES_ERROR;
				CLANG_WARN_DOCUMENTATION_COMMENTS = YES;
				CLANG_WARN_EMPTY_BODY = YES;
				CLANG_WARN_ENUM_CONVERSION = YES;
				CLANG_WARN_INFINITE_RECURSION = YES;
				CLANG_WARN_INT_CONVERSION = YES;
				CLANG_WARN_NON_LITERAL_NULL_CONVERSION = YES;
				CLANG_WARN_OBJC_IMPLICIT_RETAIN_SELF = YES;
				CLANG_WARN_OBJC_LITERAL_CONVERSION = YES;
				CLANG_WARN_OBJC_ROOT_CLASS = YES_ERROR;
				CLANG_WARN_RANGE_LOOP_ANALYSIS = YES;
				CLANG_WARN_STRICT_PROTOTYPES = YES;
				CLANG_WARN_SUSPICIOUS_MOVE = YES;
				CLANG_WARN_UNGUARDED_AVAILABILITY = YES_AGGRESSIVE;
				CLANG_WARN_UNREACHABLE_CODE = YES;
				CLANG_WARN__DUPLICATE_METHOD_MATCH = YES;
				CODE_SIGN_IDENTITY = "iPhone Developer";
				COPY_PHASE_STRIP = NO;
				DEBUG_INFORMATION_FORMAT = dwarf;
				ENABLE_STRICT_OBJC_MSGSEND = YES;
				ENABLE_TESTABILITY = YES;
				GCC_C_LANGUAGE_STANDARD = gnu11;
				GCC_DYNAMIC_NO_PIC = NO;
				GCC_NO_COMMON_BLOCKS = YES;
				GCC_OPTIMIZATION_LEVEL = 0;
				GCC_PREPROCESSOR_DEFINITIONS = (
					"DEBUG=1",
					"$(inherited)",
				);
				GCC_WARN_64_TO_32_BIT_CONVERSION = YES;
				GCC_WARN_ABOUT_RETURN_TYPE = YES_ERROR;
				GCC_WARN_UNDECLARED_SELECTOR = YES;
				GCC_WARN_UNINITIALIZED_AUTOS = YES_AGGRESSIVE;
				GCC_WARN_UNUSED_FUNCTION = YES;
				GCC_WARN_UNUSED_VARIABLE = YES;
				IPHONEOS_DEPLOYMENT_TARGET = 12.1;
				MTL_ENABLE_DEBUG_INFO = INCLUDE_SOURCE;
				MTL_FAST_MATH = YES;
				ONLY_ACTIVE_ARCH = YES;
				SDKROOT = iphoneos;
				SWIFT_ACTIVE_COMPILATION_CONDITIONS = DEBUG;
				SWIFT_OPTIMIZATION_LEVEL = "-Onone";
			};
			name = Debug;
		};
		3EA7B6E121BD9CEE004FE49A /* Release */ = {
			isa = XCBuildConfiguration;
			buildSettings = {
				ALWAYS_SEARCH_USER_PATHS = NO;
				CLANG_ANALYZER_NONNULL = YES;
				CLANG_ANALYZER_NUMBER_OBJECT_CONVERSION = YES_AGGRESSIVE;
				CLANG_CXX_LANGUAGE_STANDARD = "gnu++14";
				CLANG_CXX_LIBRARY = "libc++";
				CLANG_ENABLE_MODULES = YES;
				CLANG_ENABLE_OBJC_ARC = YES;
				CLANG_ENABLE_OBJC_WEAK = YES;
				CLANG_WARN_BLOCK_CAPTURE_AUTORELEASING = YES;
				CLANG_WARN_BOOL_CONVERSION = YES;
				CLANG_WARN_COMMA = YES;
				CLANG_WARN_CONSTANT_CONVERSION = YES;
				CLANG_WARN_DEPRECATED_OBJC_IMPLEMENTATIONS = YES;
				CLANG_WARN_DIRECT_OBJC_ISA_USAGE = YES_ERROR;
				CLANG_WARN_DOCUMENTATION_COMMENTS = YES;
				CLANG_WARN_EMPTY_BODY = YES;
				CLANG_WARN_ENUM_CONVERSION = YES;
				CLANG_WARN_INFINITE_RECURSION = YES;
				CLANG_WARN_INT_CONVERSION = YES;
				CLANG_WARN_NON_LITERAL_NULL_CONVERSION = YES;
				CLANG_WARN_OBJC_IMPLICIT_RETAIN_SELF = YES;
				CLANG_WARN_OBJC_LITERAL_CONVERSION = YES;
				CLANG_WARN_OBJC_ROOT_CLASS = YES_ERROR;
				CLANG_WARN_RANGE_LOOP_ANALYSIS = YES;
				CLANG_WARN_STRICT_PROTOTYPES = YES;
				CLANG_WARN_SUSPICIOUS_MOVE = YES;
				CLANG_WARN_UNGUARDED_AVAILABILITY = YES_AGGRESSIVE;
				CLANG_WARN_UNREACHABLE_CODE = YES;
				CLANG_WARN__DUPLICATE_METHOD_MATCH = YES;
				CODE_SIGN_IDENTITY = "iPhone Developer";
				COPY_PHASE_STRIP = NO;
				DEBUG_INFORMATION_FORMAT = "dwarf-with-dsym";
				ENABLE_NS_ASSERTIONS = NO;
				ENABLE_STRICT_OBJC_MSGSEND = YES;
				GCC_C_LANGUAGE_STANDARD = gnu11;
				GCC_NO_COMMON_BLOCKS = YES;
				GCC_WARN_64_TO_32_BIT_CONVERSION = YES;
				GCC_WARN_ABOUT_RETURN_TYPE = YES_ERROR;
				GCC_WARN_UNDECLARED_SELECTOR = YES;
				GCC_WARN_UNINITIALIZED_AUTOS = YES_AGGRESSIVE;
				GCC_WARN_UNUSED_FUNCTION = YES;
				GCC_WARN_UNUSED_VARIABLE = YES;
				IPHONEOS_DEPLOYMENT_TARGET = 12.1;
				MTL_ENABLE_DEBUG_INFO = NO;
				MTL_FAST_MATH = YES;
				SDKROOT = iphoneos;
				SWIFT_COMPILATION_MODE = wholemodule;
				SWIFT_OPTIMIZATION_LEVEL = "-O";
				VALIDATE_PRODUCT = YES;
			};
			name = Release;
		};
		3EA7B6E321BD9CEE004FE49A /* Debug */ = {
			isa = XCBuildConfiguration;
			baseConfigurationReference = 09DE84B658F959D801BF9E65 /* Pods-Movies.debug.xcconfig */;
			buildSettings = {
				ASSETCATALOG_COMPILER_APPICON_NAME = AppIcon;
				CODE_SIGN_STYLE = Automatic;
				DEVELOPMENT_TEAM = 74Q66W826L;
				INFOPLIST_FILE = "$(SRCROOT)/Movies/Others/Info.plist";
				LD_RUNPATH_SEARCH_PATHS = (
					"$(inherited)",
					"@executable_path/Frameworks",
				);
				PRODUCT_BUNDLE_IDENTIFIER = com.HOME.MoviesDB;
				PRODUCT_NAME = "$(TARGET_NAME)";
				SWIFT_VERSION = 4.2;
				TARGETED_DEVICE_FAMILY = 1;
			};
			name = Debug;
		};
		3EA7B6E421BD9CEE004FE49A /* Release */ = {
			isa = XCBuildConfiguration;
			baseConfigurationReference = A360386C82D83DBB6DA4BE5C /* Pods-Movies.release.xcconfig */;
			buildSettings = {
				ASSETCATALOG_COMPILER_APPICON_NAME = AppIcon;
				CODE_SIGN_STYLE = Automatic;
				DEVELOPMENT_TEAM = 74Q66W826L;
				INFOPLIST_FILE = "$(SRCROOT)/Movies/Others/Info.plist";
				LD_RUNPATH_SEARCH_PATHS = (
					"$(inherited)",
					"@executable_path/Frameworks",
				);
				PRODUCT_BUNDLE_IDENTIFIER = com.HOME.MoviesDB;
				PRODUCT_NAME = "$(TARGET_NAME)";
				SWIFT_VERSION = 4.2;
				TARGETED_DEVICE_FAMILY = 1;
			};
			name = Release;
		};
/* End XCBuildConfiguration section */

/* Begin XCConfigurationList section */
		3EA7B6CB21BD9CEC004FE49A /* Build configuration list for PBXProject "Movies" */ = {
			isa = XCConfigurationList;
			buildConfigurations = (
				3EA7B6E021BD9CEE004FE49A /* Debug */,
				3EA7B6E121BD9CEE004FE49A /* Release */,
			);
			defaultConfigurationIsVisible = 0;
			defaultConfigurationName = Release;
		};
		3EA7B6E221BD9CEE004FE49A /* Build configuration list for PBXNativeTarget "Movies" */ = {
			isa = XCConfigurationList;
			buildConfigurations = (
				3EA7B6E321BD9CEE004FE49A /* Debug */,
				3EA7B6E421BD9CEE004FE49A /* Release */,
			);
			defaultConfigurationIsVisible = 0;
			defaultConfigurationName = Release;
		};
/* End XCConfigurationList section */
	};
	rootObject = 3EA7B6C821BD9CEC004FE49A /* Project object */;
}
